// !$*UTF8*$!
{
	archiveVersion = 1;
	classes = {
	};
	objectVersion = 55;
	objects = {

/* Begin PBXBuildFile section */
		B0131502281A078800F933D1 /* STPrivilegedTask.m in Sources */ = {isa = PBXBuildFile; fileRef = B0131501281A078800F933D1 /* STPrivilegedTask.m */; };
		B093D0D928199E0C0037F54C /* AppDelegate.swift in Sources */ = {isa = PBXBuildFile; fileRef = B093D0D828199E0C0037F54C /* AppDelegate.swift */; };
		B093D0DB28199E0C0037F54C /* ViewController.swift in Sources */ = {isa = PBXBuildFile; fileRef = B093D0DA28199E0C0037F54C /* ViewController.swift */; };
		B093D0DD28199E0E0037F54C /* Assets.xcassets in Resources */ = {isa = PBXBuildFile; fileRef = B093D0DC28199E0E0037F54C /* Assets.xcassets */; };
		B093D0E028199E0E0037F54C /* Main.storyboard in Resources */ = {isa = PBXBuildFile; fileRef = B093D0DE28199E0E0037F54C /* Main.storyboard */; };
		B093D0E828199EC90037F54C /* macvdmtool in Resources */ = {isa = PBXBuildFile; fileRef = B093D0E728199EC90037F54C /* macvdmtool */; };
		B093D0EA2819A56C0037F54C /* LICENSES.rtf in Resources */ = {isa = PBXBuildFile; fileRef = B093D0E92819A56C0037F54C /* LICENSES.rtf */; };
/* End PBXBuildFile section */

/* Begin PBXFileReference section */
		B01314FC281A03AE00F933D1 /* Popeyes-Bridging-Header.h */ = {isa = PBXFileReference; lastKnownFileType = sourcecode.c.h; path = "Popeyes-Bridging-Header.h"; sourceTree = "<group>"; };
		B0131500281A078800F933D1 /* STPrivilegedTask.h */ = {isa = PBXFileReference; fileEncoding = 4; lastKnownFileType = sourcecode.c.h; path = STPrivilegedTask.h; sourceTree = "<group>"; };
		B0131501281A078800F933D1 /* STPrivilegedTask.m */ = {isa = PBXFileReference; fileEncoding = 4; lastKnownFileType = sourcecode.c.objc; path = STPrivilegedTask.m; sourceTree = "<group>"; };
		B0131504281A081100F933D1 /* Security.framework */ = {isa = PBXFileReference; lastKnownFileType = wrapper.framework; name = Security.framework; path = System/Library/Frameworks/Security.framework; sourceTree = SDKROOT; };
		B093D0D528199E0C0037F54C /* Popeyes.app */ = {isa = PBXFileReference; explicitFileType = wrapper.application; includeInIndex = 0; path = Popeyes.app; sourceTree = BUILT_PRODUCTS_DIR; };
		B093D0D828199E0C0037F54C /* AppDelegate.swift */ = {isa = PBXFileReference; lastKnownFileType = sourcecode.swift; path = AppDelegate.swift; sourceTree = "<group>"; };
		B093D0DA28199E0C0037F54C /* ViewController.swift */ = {isa = PBXFileReference; lastKnownFileType = sourcecode.swift; path = ViewController.swift; sourceTree = "<group>"; };
		B093D0DC28199E0E0037F54C /* Assets.xcassets */ = {isa = PBXFileReference; lastKnownFileType = folder.assetcatalog; path = Assets.xcassets; sourceTree = "<group>"; };
		B093D0DF28199E0E0037F54C /* Base */ = {isa = PBXFileReference; lastKnownFileType = file.storyboard; name = Base; path = Base.lproj/Main.storyboard; sourceTree = "<group>"; };
		B093D0E128199E0E0037F54C /* Popeyes.entitlements */ = {isa = PBXFileReference; lastKnownFileType = text.plist.entitlements; path = Popeyes.entitlements; sourceTree = "<group>"; };
		B093D0E728199EC90037F54C /* macvdmtool */ = {isa = PBXFileReference; fileEncoding = 4; lastKnownFileType = text; path = macvdmtool; sourceTree = SOURCE_ROOT; };
		B093D0E92819A56C0037F54C /* LICENSES.rtf */ = {isa = PBXFileReference; lastKnownFileType = text.rtf; path = LICENSES.rtf; sourceTree = "<group>"; };
/* End PBXFileReference section */

/* Begin PBXFrameworksBuildPhase section */
		B093D0D228199E0C0037F54C /* Frameworks */ = {
			isa = PBXFrameworksBuildPhase;
			buildActionMask = 2147483647;
			files = (
			);
			runOnlyForDeploymentPostprocessing = 0;
		};
/* End PBXFrameworksBuildPhase section */

/* Begin PBXGroup section */
		B0131503281A081100F933D1 /* Frameworks */ = {
			isa = PBXGroup;
			children = (
				B0131504281A081100F933D1 /* Security.framework */,
			);
			name = Frameworks;
			sourceTree = "<group>";
		};
		B093D0CC28199E0C0037F54C = {
			isa = PBXGroup;
			children = (
				B093D0D728199E0C0037F54C /* Popeyes */,
				B093D0D628199E0C0037F54C /* Products */,
				B0131503281A081100F933D1 /* Frameworks */,
			);
			sourceTree = "<group>";
		};
		B093D0D628199E0C0037F54C /* Products */ = {
			isa = PBXGroup;
			children = (
				B093D0D528199E0C0037F54C /* Popeyes.app */,
			);
			name = Products;
			sourceTree = "<group>";
		};
		B093D0D728199E0C0037F54C /* Popeyes */ = {
			isa = PBXGroup;
			children = (
				B093D0D828199E0C0037F54C /* AppDelegate.swift */,
				B093D0DA28199E0C0037F54C /* ViewController.swift */,
				B093D0E92819A56C0037F54C /* LICENSES.rtf */,
				B093D0DC28199E0E0037F54C /* Assets.xcassets */,
				B093D0DE28199E0E0037F54C /* Main.storyboard */,
				B093D0E128199E0E0037F54C /* Popeyes.entitlements */,
				B093D0E728199EC90037F54C /* macvdmtool */,
				B0131500281A078800F933D1 /* STPrivilegedTask.h */,
				B0131501281A078800F933D1 /* STPrivilegedTask.m */,
				B01314FC281A03AE00F933D1 /* Popeyes-Bridging-Header.h */,
			);
			path = Popeyes;
			sourceTree = "<group>";
		};
/* End PBXGroup section */

/* Begin PBXNativeTarget section */
		B093D0D428199E0C0037F54C /* Popeyes */ = {
			isa = PBXNativeTarget;
			buildConfigurationList = B093D0E428199E0E0037F54C /* Build configuration list for PBXNativeTarget "Popeyes" */;
			buildPhases = (
				B093D0D128199E0C0037F54C /* Sources */,
				B093D0D228199E0C0037F54C /* Frameworks */,
				B093D0D328199E0C0037F54C /* Resources */,
			);
			buildRules = (
			);
			dependencies = (
			);
			name = Popeyes;
			productName = Popeyes;
			productReference = B093D0D528199E0C0037F54C /* Popeyes.app */;
			productType = "com.apple.product-type.application";
		};
/* End PBXNativeTarget section */

/* Begin PBXProject section */
		B093D0CD28199E0C0037F54C /* Project object */ = {
			isa = PBXProject;
			attributes = {
				BuildIndependentTargetsInParallel = 1;
				LastSwiftUpdateCheck = 1330;
				LastUpgradeCheck = 1330;
				TargetAttributes = {
					B093D0D428199E0C0037F54C = {
						CreatedOnToolsVersion = 13.3;
						LastSwiftMigration = 1330;
					};
				};
			};
			buildConfigurationList = B093D0D028199E0C0037F54C /* Build configuration list for PBXProject "Popeyes" */;
			compatibilityVersion = "Xcode 13.0";
			developmentRegion = en;
			hasScannedForEncodings = 0;
			knownRegions = (
				en,
				Base,
			);
			mainGroup = B093D0CC28199E0C0037F54C;
			productRefGroup = B093D0D628199E0C0037F54C /* Products */;
			projectDirPath = "";
			projectRoot = "";
			targets = (
				B093D0D428199E0C0037F54C /* Popeyes */,
			);
		};
/* End PBXProject section */

/* Begin PBXResourcesBuildPhase section */
		B093D0D328199E0C0037F54C /* Resources */ = {
			isa = PBXResourcesBuildPhase;
			buildActionMask = 2147483647;
			files = (
				B093D0EA2819A56C0037F54C /* LICENSES.rtf in Resources */,
				B093D0DD28199E0E0037F54C /* Assets.xcassets in Resources */,
				B093D0E028199E0E0037F54C /* Main.storyboard in Resources */,
				B093D0E828199EC90037F54C /* macvdmtool in Resources */,
			);
			runOnlyForDeploymentPostprocessing = 0;
		};
/* End PBXResourcesBuildPhase section */

/* Begin PBXSourcesBuildPhase section */
		B093D0D128199E0C0037F54C /* Sources */ = {
			isa = PBXSourcesBuildPhase;
			buildActionMask = 2147483647;
			files = (
				B093D0DB28199E0C0037F54C /* ViewController.swift in Sources */,
				B093D0D928199E0C0037F54C /* AppDelegate.swift in Sources */,
				B0131502281A078800F933D1 /* STPrivilegedTask.m in Sources */,
			);
			runOnlyForDeploymentPostprocessing = 0;
		};
/* End PBXSourcesBuildPhase section */

/* Begin PBXVariantGroup section */
		B093D0DE28199E0E0037F54C /* Main.storyboard */ = {
			isa = PBXVariantGroup;
			children = (
				B093D0DF28199E0E0037F54C /* Base */,
			);
			name = Main.storyboard;
			sourceTree = "<group>";
		};
/* End PBXVariantGroup section */

/* Begin XCBuildConfiguration section */
		B093D0E228199E0E0037F54C /* Debug */ = {
			isa = XCBuildConfiguration;
			buildSettings = {
				ALWAYS_SEARCH_USER_PATHS = NO;
				ARCHS = "$(ARCHS_STANDARD)";
				CLANG_ANALYZER_NONNULL = YES;
				CLANG_ANALYZER_NUMBER_OBJECT_CONVERSION = YES_AGGRESSIVE;
				CLANG_CXX_LANGUAGE_STANDARD = "gnu++17";
				CLANG_ENABLE_MODULES = YES;
				CLANG_ENABLE_OBJC_ARC = YES;
				CLANG_ENABLE_OBJC_WEAK = YES;
				CLANG_WARN_BLOCK_CAPTURE_AUTORELEASING = YES;
				CLANG_WARN_BOOL_CONVERSION = YES;
				CLANG_WARN_COMMA = YES;
				CLANG_WARN_CONSTANT_CONVERSION = YES;
				CLANG_WARN_DEPRECATED_OBJC_IMPLEMENTATIONS = YES;
				CLANG_WARN_DIRECT_OBJC_ISA_USAGE = YES_ERROR;
				CLANG_WARN_DOCUMENTATION_COMMENTS = YES;
				CLANG_WARN_EMPTY_BODY = YES;
				CLANG_WARN_ENUM_CONVERSION = YES;
				CLANG_WARN_INFINITE_RECURSION = YES;
				CLANG_WARN_INT_CONVERSION = YES;
				CLANG_WARN_NON_LITERAL_NULL_CONVERSION = YES;
				CLANG_WARN_OBJC_IMPLICIT_RETAIN_SELF = YES;
				CLANG_WARN_OBJC_LITERAL_CONVERSION = YES;
				CLANG_WARN_OBJC_ROOT_CLASS = YES_ERROR;
				CLANG_WARN_QUOTED_INCLUDE_IN_FRAMEWORK_HEADER = YES;
				CLANG_WARN_RANGE_LOOP_ANALYSIS = YES;
				CLANG_WARN_STRICT_PROTOTYPES = YES;
				CLANG_WARN_SUSPICIOUS_MOVE = YES;
				CLANG_WARN_UNGUARDED_AVAILABILITY = YES_AGGRESSIVE;
				CLANG_WARN_UNREACHABLE_CODE = YES;
				CLANG_WARN__DUPLICATE_METHOD_MATCH = YES;
				CODE_SIGN_INJECT_BASE_ENTITLEMENTS = NO;
				CODE_SIGN_STYLE = Manual;
				COPY_PHASE_STRIP = NO;
				DEBUG_INFORMATION_FORMAT = dwarf;
				ENABLE_STRICT_OBJC_MSGSEND = YES;
				ENABLE_TESTABILITY = YES;
				GCC_C_LANGUAGE_STANDARD = gnu11;
				GCC_DYNAMIC_NO_PIC = NO;
				GCC_NO_COMMON_BLOCKS = YES;
				GCC_OPTIMIZATION_LEVEL = 0;
				GCC_PREPROCESSOR_DEFINITIONS = (
					"DEBUG=1",
					"$(inherited)",
				);
				GCC_WARN_64_TO_32_BIT_CONVERSION = YES;
				GCC_WARN_ABOUT_RETURN_TYPE = YES_ERROR;
				GCC_WARN_UNDECLARED_SELECTOR = YES;
				GCC_WARN_UNINITIALIZED_AUTOS = YES_AGGRESSIVE;
				GCC_WARN_UNUSED_FUNCTION = YES;
				GCC_WARN_UNUSED_VARIABLE = YES;
				MTL_ENABLE_DEBUG_INFO = INCLUDE_SOURCE;
				MTL_FAST_MATH = YES;
				ONLY_ACTIVE_ARCH = NO;
				SDKROOT = macosx;
				SWIFT_ACTIVE_COMPILATION_CONDITIONS = DEBUG;
				SWIFT_OPTIMIZATION_LEVEL = "-Onone";
			};
			name = Debug;
		};
		B093D0E328199E0E0037F54C /* Release */ = {
			isa = XCBuildConfiguration;
			buildSettings = {
				ALWAYS_SEARCH_USER_PATHS = NO;
				ARCHS = "$(ARCHS_STANDARD)";
				CLANG_ANALYZER_NONNULL = YES;
				CLANG_ANALYZER_NUMBER_OBJECT_CONVERSION = YES_AGGRESSIVE;
				CLANG_CXX_LANGUAGE_STANDARD = "gnu++17";
				CLANG_ENABLE_MODULES = YES;
				CLANG_ENABLE_OBJC_ARC = YES;
				CLANG_ENABLE_OBJC_WEAK = YES;
				CLANG_WARN_BLOCK_CAPTURE_AUTORELEASING = YES;
				CLANG_WARN_BOOL_CONVERSION = YES;
				CLANG_WARN_COMMA = YES;
				CLANG_WARN_CONSTANT_CONVERSION = YES;
				CLANG_WARN_DEPRECATED_OBJC_IMPLEMENTATIONS = YES;
				CLANG_WARN_DIRECT_OBJC_ISA_USAGE = YES_ERROR;
				CLANG_WARN_DOCUMENTATION_COMMENTS = YES;
				CLANG_WARN_EMPTY_BODY = YES;
				CLANG_WARN_ENUM_CONVERSION = YES;
				CLANG_WARN_INFINITE_RECURSION = YES;
				CLANG_WARN_INT_CONVERSION = YES;
				CLANG_WARN_NON_LITERAL_NULL_CONVERSION = YES;
				CLANG_WARN_OBJC_IMPLICIT_RETAIN_SELF = YES;
				CLANG_WARN_OBJC_LITERAL_CONVERSION = YES;
				CLANG_WARN_OBJC_ROOT_CLASS = YES_ERROR;
				CLANG_WARN_QUOTED_INCLUDE_IN_FRAMEWORK_HEADER = YES;
				CLANG_WARN_RANGE_LOOP_ANALYSIS = YES;
				CLANG_WARN_STRICT_PROTOTYPES = YES;
				CLANG_WARN_SUSPICIOUS_MOVE = YES;
				CLANG_WARN_UNGUARDED_AVAILABILITY = YES_AGGRESSIVE;
				CLANG_WARN_UNREACHABLE_CODE = YES;
				CLANG_WARN__DUPLICATE_METHOD_MATCH = YES;
				CODE_SIGN_INJECT_BASE_ENTITLEMENTS = NO;
				CODE_SIGN_STYLE = Manual;
				COPY_PHASE_STRIP = NO;
				DEBUG_INFORMATION_FORMAT = "dwarf-with-dsym";
				ENABLE_NS_ASSERTIONS = NO;
				ENABLE_STRICT_OBJC_MSGSEND = YES;
				GCC_C_LANGUAGE_STANDARD = gnu11;
				GCC_NO_COMMON_BLOCKS = YES;
				GCC_WARN_64_TO_32_BIT_CONVERSION = YES;
				GCC_WARN_ABOUT_RETURN_TYPE = YES_ERROR;
				GCC_WARN_UNDECLARED_SELECTOR = YES;
				GCC_WARN_UNINITIALIZED_AUTOS = YES_AGGRESSIVE;
				GCC_WARN_UNUSED_FUNCTION = YES;
				GCC_WARN_UNUSED_VARIABLE = YES;
				MTL_ENABLE_DEBUG_INFO = NO;
				MTL_FAST_MATH = YES;
				ONLY_ACTIVE_ARCH = NO;
				SDKROOT = macosx;
				SWIFT_COMPILATION_MODE = wholemodule;
				SWIFT_OPTIMIZATION_LEVEL = "-O";
			};
			name = Release;
		};
		B093D0E528199E0E0037F54C /* Debug */ = {
			isa = XCBuildConfiguration;
			buildSettings = {
				ARCHS = "$(ARCHS_STANDARD)";
				ASSETCATALOG_COMPILER_APPICON_NAME = AppIcon;
				ASSETCATALOG_COMPILER_GLOBAL_ACCENT_COLOR_NAME = AccentColor;
				CLANG_ENABLE_MODULES = YES;
				CODE_SIGN_ENTITLEMENTS = Popeyes/Popeyes.entitlements;
				CODE_SIGN_IDENTITY = "";
				CODE_SIGN_INJECT_BASE_ENTITLEMENTS = NO;
				CODE_SIGN_STYLE = Manual;
				COMBINE_HIDPI_IMAGES = YES;
				CURRENT_PROJECT_VERSION = 1;
				DEVELOPMENT_TEAM = "";
				GENERATE_INFOPLIST_FILE = YES;
				INFOPLIST_KEY_LSApplicationCategoryType = "public.app-category.developer-tools";
				INFOPLIST_KEY_NSHumanReadableCopyright = "Copyright © 2022-2023 Youssef Basha";
				INFOPLIST_KEY_NSMainStoryboardFile = Main;
				INFOPLIST_KEY_NSPrincipalClass = NSApplication;
				LD_RUNPATH_SEARCH_PATHS = (
					"$(inherited)",
					"@executable_path/../Frameworks",
				);
				MACOSX_DEPLOYMENT_TARGET = 12.0;
				MARKETING_VERSION = 1.1;
				PRODUCT_BUNDLE_IDENTIFIER = com.youssefbasha.Popeyes;
				PRODUCT_NAME = "$(TARGET_NAME)";
				PROVISIONING_PROFILE_SPECIFIER = "";
				SWIFT_EMIT_LOC_STRINGS = YES;
				SWIFT_OBJC_BRIDGING_HEADER = "Popeyes/Popeyes-Bridging-Header.h";
				SWIFT_OPTIMIZATION_LEVEL = "-Onone";
				SWIFT_VERSION = 5.0;
			};
			name = Debug;
		};
		B093D0E628199E0E0037F54C /* Release */ = {
			isa = XCBuildConfiguration;
			buildSettings = {
				ARCHS = "$(ARCHS_STANDARD)";
				ASSETCATALOG_COMPILER_APPICON_NAME = AppIcon;
				ASSETCATALOG_COMPILER_GLOBAL_ACCENT_COLOR_NAME = AccentColor;
				CLANG_ENABLE_MODULES = YES;
				CODE_SIGN_ENTITLEMENTS = Popeyes/Popeyes.entitlements;
				CODE_SIGN_IDENTITY = "";
				CODE_SIGN_INJECT_BASE_ENTITLEMENTS = NO;
				CODE_SIGN_STYLE = Manual;
				COMBINE_HIDPI_IMAGES = YES;
				CURRENT_PROJECT_VERSION = 1;
				DEVELOPMENT_TEAM = "";
				GENERATE_INFOPLIST_FILE = YES;
				INFOPLIST_KEY_LSApplicationCategoryType = "public.app-category.developer-tools";
				INFOPLIST_KEY_NSHumanReadableCopyright = "Copyright © 2022-2023 Youssef Basha";
				INFOPLIST_KEY_NSMainStoryboardFile = Main;
				INFOPLIST_KEY_NSPrincipalClass = NSApplication;
				LD_RUNPATH_SEARCH_PATHS = (
					"$(inherited)",
					"@executable_path/../Frameworks",
				);
				MACOSX_DEPLOYMENT_TARGET = 12.0;
				MARKETING_VERSION = 1.1;
				PRODUCT_BUNDLE_IDENTIFIER = com.youssefbasha.Popeyes;
				PRODUCT_NAME = "$(TARGET_NAME)";
				PROVISIONING_PROFILE_SPECIFIER = "";
				SWIFT_EMIT_LOC_STRINGS = YES;
				SWIFT_OBJC_BRIDGING_HEADER = "Popeyes/Popeyes-Bridging-Header.h";
				SWIFT_VERSION = 5.0;
			};
			name = Release;
		};
/* End XCBuildConfiguration section */

/* Begin XCConfigurationList section */
		B093D0D028199E0C0037F54C /* Build configuration list for PBXProject "Popeyes" */ = {
			isa = XCConfigurationList;
			buildConfigurations = (
				B093D0E228199E0E0037F54C /* Debug */,
				B093D0E328199E0E0037F54C /* Release */,
			);
			defaultConfigurationIsVisible = 0;
			defaultConfigurationName = Release;
		};
		B093D0E428199E0E0037F54C /* Build configuration list for PBXNativeTarget "Popeyes" */ = {
			isa = XCConfigurationList;
			buildConfigurations = (
				B093D0E528199E0E0037F54C /* Debug */,
				B093D0E628199E0E0037F54C /* Release */,
			);
			defaultConfigurationIsVisible = 0;
			defaultConfigurationName = Release;
		};
/* End XCConfigurationList section */
	};
	rootObject = B093D0CD28199E0C0037F54C /* Project object */;
}
